
Microsoft Visual Studio Solution File, Format Version 12.00
# Visual Studio Version 17
VisualStudioVersion = 17.9.34622.214
MinimumVisualStudioVersion = 10.0.40219.1
Project("{FAE04EC0-301F-11D3-BF4B-00C04F79EFBC}") = "BoxcoinWPFUItest", "BoxcoinWPFUItest\BoxcoinWPFUItest.csproj", "{573B6239-5848-41E4-BF04-63DC61EE3EC0}"
EndProject
Project("{FAE04EC0-301F-11D3-BF4B-00C04F79EFBC}") = "Model", "Model\Model.csproj", "{EA1B6B50-599E-4BCA-A036-67EC80610030}"
EndProject
Global
	GlobalSection(SolutionConfigurationPlatforms) = preSolution
		Debug|Any CPU = Debug|Any CPU
		Release|Any CPU = Release|Any CPU
	EndGlobalSection
	GlobalSection(ProjectConfigurationPlatforms) = postSolution
		{573B6239-5848-41E4-BF04-63DC61EE3EC0}.Debug|Any CPU.ActiveCfg = Debug|Any CPU
		{573B6239-5848-41E4-BF04-63DC61EE3EC0}.Debug|Any CPU.Build.0 = Debug|Any CPU
		{573B6239-5848-41E4-BF04-63DC61EE3EC0}.Release|Any CPU.ActiveCfg = Release|Any CPU
		{573B6239-5848-41E4-BF04-63DC61EE3EC0}.Release|Any CPU.Build.0 = Release|Any CPU
		{EA1B6B50-599E-4BCA-A036-67EC80610030}.Debug|Any CPU.ActiveCfg = Debug|Any CPU
		{EA1B6B50-599E-4BCA-A036-67EC80610030}.Debug|Any CPU.Build.0 = Debug|Any CPU
		{EA1B6B50-599E-4BCA-A036-67EC80610030}.Release|Any CPU.ActiveCfg = Release|Any CPU
		{EA1B6B50-599E-4BCA-A036-67EC80610030}.Release|Any CPU.Build.0 = Release|Any CPU
	EndGlobalSection
	GlobalSection(SolutionProperties) = preSolution
		HideSolutionNode = FALSE
	EndGlobalSection
	GlobalSection(ExtensibilityGlobals) = postSolution
		SolutionGuid = {515D5BED-A980-4690-9D86-9855175928FE}
	EndGlobalSection
EndGlobal
